
Microsoft Visual Studio Solution File, Format Version 12.00
# Visual Studio 2013
VisualStudioVersion = 12.0.31101.0
MinimumVisualStudioVersion = 10.0.40219.1
Project("{FAE04EC0-301F-11D3-BF4B-00C04F79EFBC}") = "HappyNumbers.Logic", "HappyNumbers.Logic\HappyNumbers.Logic.csproj", "{12F76471-3D26-4DF6-83B0-4298878AFDA4}"
EndProject
Project("{FAE04EC0-301F-11D3-BF4B-00C04F79EFBC}") = "HappyNumbers.Logic.Tests", "HappyNumbers.Logic.Tests\HappyNumbers.Logic.Tests.csproj", "{398A21B1-48AE-464C-A5C4-21A06B22906F}"
EndProject
Project("{FAE04EC0-301F-11D3-BF4B-00C04F79EFBC}") = "HappyNumbers.Console", "HappyNumbers.Console\HappyNumbers.Console.csproj", "{11E482D6-B734-45A8-A880-EC702912AEA4}"
EndProject
Global
	GlobalSection(SolutionConfigurationPlatforms) = preSolution
		Debug|Any CPU = Debug|Any CPU
		Release|Any CPU = Release|Any CPU
	EndGlobalSection
	GlobalSection(ProjectConfigurationPlatforms) = postSolution
		{12F76471-3D26-4DF6-83B0-4298878AFDA4}.Debug|Any CPU.ActiveCfg = Debug|Any CPU
		{12F76471-3D26-4DF6-83B0-4298878AFDA4}.Debug|Any CPU.Build.0 = Debug|Any CPU
		{12F76471-3D26-4DF6-83B0-4298878AFDA4}.Release|Any CPU.ActiveCfg = Release|Any CPU
		{12F76471-3D26-4DF6-83B0-4298878AFDA4}.Release|Any CPU.Build.0 = Release|Any CPU
		{398A21B1-48AE-464C-A5C4-21A06B22906F}.Debug|Any CPU.ActiveCfg = Debug|Any CPU
		{398A21B1-48AE-464C-A5C4-21A06B22906F}.Debug|Any CPU.Build.0 = Debug|Any CPU
		{398A21B1-48AE-464C-A5C4-21A06B22906F}.Release|Any CPU.ActiveCfg = Release|Any CPU
		{398A21B1-48AE-464C-A5C4-21A06B22906F}.Release|Any CPU.Build.0 = Release|Any CPU
		{11E482D6-B734-45A8-A880-EC702912AEA4}.Debug|Any CPU.ActiveCfg = Debug|Any CPU
		{11E482D6-B734-45A8-A880-EC702912AEA4}.Debug|Any CPU.Build.0 = Debug|Any CPU
		{11E482D6-B734-45A8-A880-EC702912AEA4}.Release|Any CPU.ActiveCfg = Release|Any CPU
		{11E482D6-B734-45A8-A880-EC702912AEA4}.Release|Any CPU.Build.0 = Release|Any CPU
	EndGlobalSection
	GlobalSection(SolutionProperties) = preSolution
		HideSolutionNode = FALSE
	EndGlobalSection
EndGlobal
